
Microsoft Visual Studio Solution File, Format Version 12.00
# Visual Studio Version 17
VisualStudioVersion = 17.14.36518.9 d17.14
MinimumVisualStudioVersion = 10.0.40219.1
Project("{FAE04EC0-301F-11D3-BF4B-00C04F79EFBC}") = "CompanyMangment.Domain", "CompanyMangment.Domain\CompanyMangment.Domain.csproj", "{D7AF58BE-5FE9-4D35-B144-126F73D09907}"
EndProject
Project("{FAE04EC0-301F-11D3-BF4B-00C04F79EFBC}") = "CompanyMangment.Application", "CompanyMangment.Application\CompanyMangment.Application.csproj", "{3AA29476-C898-416F-8400-F8CD2EBADEC0}"
EndProject
Project("{FAE04EC0-301F-11D3-BF4B-00C04F79EFBC}") = "CompanyMangment.Infrastructure", "CompanyMangment.Infrastructure\CompanyMangment.Infrastructure.csproj", "{CC4B0505-BC0B-4E65-9A7F-9E45C24BA63F}"
EndProject
Project("{FAE04EC0-301F-11D3-BF4B-00C04F79EFBC}") = "CompanyMangment.Web", "CompanyMangment.Web\CompanyMangment.Web.csproj", "{A42DB163-6AD6-4E71-86AD-9AC15A990B0C}"
EndProject
Global
	GlobalSection(SolutionConfigurationPlatforms) = preSolution
		Debug|Any CPU = Debug|Any CPU
		Release|Any CPU = Release|Any CPU
	EndGlobalSection
	GlobalSection(ProjectConfigurationPlatforms) = postSolution
		{D7AF58BE-5FE9-4D35-B144-126F73D09907}.Debug|Any CPU.ActiveCfg = Debug|Any CPU
		{D7AF58BE-5FE9-4D35-B144-126F73D09907}.Debug|Any CPU.Build.0 = Debug|Any CPU
		{D7AF58BE-5FE9-4D35-B144-126F73D09907}.Release|Any CPU.ActiveCfg = Release|Any CPU
		{D7AF58BE-5FE9-4D35-B144-126F73D09907}.Release|Any CPU.Build.0 = Release|Any CPU
		{3AA29476-C898-416F-8400-F8CD2EBADEC0}.Debug|Any CPU.ActiveCfg = Debug|Any CPU
		{3AA29476-C898-416F-8400-F8CD2EBADEC0}.Debug|Any CPU.Build.0 = Debug|Any CPU
		{3AA29476-C898-416F-8400-F8CD2EBADEC0}.Release|Any CPU.ActiveCfg = Release|Any CPU
		{3AA29476-C898-416F-8400-F8CD2EBADEC0}.Release|Any CPU.Build.0 = Release|Any CPU
		{CC4B0505-BC0B-4E65-9A7F-9E45C24BA63F}.Debug|Any CPU.ActiveCfg = Debug|Any CPU
		{CC4B0505-BC0B-4E65-9A7F-9E45C24BA63F}.Debug|Any CPU.Build.0 = Debug|Any CPU
		{CC4B0505-BC0B-4E65-9A7F-9E45C24BA63F}.Release|Any CPU.ActiveCfg = Release|Any CPU
		{CC4B0505-BC0B-4E65-9A7F-9E45C24BA63F}.Release|Any CPU.Build.0 = Release|Any CPU
		{A42DB163-6AD6-4E71-86AD-9AC15A990B0C}.Debug|Any CPU.ActiveCfg = Debug|Any CPU
		{A42DB163-6AD6-4E71-86AD-9AC15A990B0C}.Debug|Any CPU.Build.0 = Debug|Any CPU
		{A42DB163-6AD6-4E71-86AD-9AC15A990B0C}.Release|Any CPU.ActiveCfg = Release|Any CPU
		{A42DB163-6AD6-4E71-86AD-9AC15A990B0C}.Release|Any CPU.Build.0 = Release|Any CPU
	EndGlobalSection
	GlobalSection(SolutionProperties) = preSolution
		HideSolutionNode = FALSE
	EndGlobalSection
	GlobalSection(ExtensibilityGlobals) = postSolution
		SolutionGuid = {0D45BF45-6DB6-403B-AC76-7DC2F43D4656}
	EndGlobalSection
EndGlobal
